
Microsoft Visual Studio Solution File, Format Version 12.00
# Visual Studio 2012
Project("{FAE04EC0-301F-11D3-BF4B-00C04F79EFBC}") = "Lab 8 Part 2", "Lab 8 Part 2\Lab 8 Part 2.csproj", "{39535A84-06D1-4E2B-AFA2-7F36768F5E9E}"
EndProject
Project("{911E67C6-3D85-4FCE-B560-20A9C3E3FF48}") = "Lab5", "..\Lab 5\Lab 5\Lab5.exe", "{A20C7C9F-0764-436C-8444-8CAA58A3A062}"
	ProjectSection(DebuggerProjectSystem) = preProject
		PortSupplier = 00000000-0000-0000-0000-000000000000
		Executable = C:\Users\Alpha\Documents\Visual Studio 2012\Projects\Lab 5\Lab 5\Lab5.exe
		RemoteMachine = COLLEGE-LAPTOP
		StartingDirectory = C:\Users\Alpha\Documents\Visual Studio 2012\Projects\Lab 5\Lab 5
		Environment = Default
		LaunchingEngine = 00000000-0000-0000-0000-000000000000
		LaunchSQLEngine = No
		AttachLaunchAction = No
	EndProjectSection
EndProject
Global
	GlobalSection(SolutionConfigurationPlatforms) = preSolution
		Debug|Any CPU = Debug|Any CPU
		Release|Any CPU = Release|Any CPU
	EndGlobalSection
	GlobalSection(ProjectConfigurationPlatforms) = postSolution
		{39535A84-06D1-4E2B-AFA2-7F36768F5E9E}.Debug|Any CPU.ActiveCfg = Debug|Any CPU
		{39535A84-06D1-4E2B-AFA2-7F36768F5E9E}.Debug|Any CPU.Build.0 = Debug|Any CPU
		{39535A84-06D1-4E2B-AFA2-7F36768F5E9E}.Release|Any CPU.ActiveCfg = Release|Any CPU
		{39535A84-06D1-4E2B-AFA2-7F36768F5E9E}.Release|Any CPU.Build.0 = Release|Any CPU
		{A20C7C9F-0764-436C-8444-8CAA58A3A062}.Debug|Any CPU.ActiveCfg = Debug|Any CPU
		{A20C7C9F-0764-436C-8444-8CAA58A3A062}.Release|Any CPU.ActiveCfg = Debug|Any CPU
	EndGlobalSection
	GlobalSection(SolutionProperties) = preSolution
		HideSolutionNode = FALSE
	EndGlobalSection
EndGlobal
